
Microsoft Visual Studio Solution File, Format Version 12.00
# Visual Studio Version 17
VisualStudioVersion = 17.8.34408.163
MinimumVisualStudioVersion = 10.0.40219.1
Project("{9A19103F-16F7-4668-BE54-9A1E7A4F7556}") = "лаба 8", "лаба 8.csproj", "{D21695BD-3388-4570-953B-C8AC7D31A0D1}"
EndProject
Project("{FAE04EC0-301F-11D3-BF4B-00C04F79EFBC}") = "лаба 8.2", "..\лаба 8.2\лаба 8.2.csproj", "{59DA92AB-B810-4885-BC31-7FFA931E203C}"
EndProject
Global
	GlobalSection(SolutionConfigurationPlatforms) = preSolution
		Debug|Any CPU = Debug|Any CPU
		Release|Any CPU = Release|Any CPU
	EndGlobalSection
	GlobalSection(ProjectConfigurationPlatforms) = postSolution
		{D21695BD-3388-4570-953B-C8AC7D31A0D1}.Debug|Any CPU.ActiveCfg = Debug|Any CPU
		{D21695BD-3388-4570-953B-C8AC7D31A0D1}.Debug|Any CPU.Build.0 = Debug|Any CPU
		{D21695BD-3388-4570-953B-C8AC7D31A0D1}.Release|Any CPU.ActiveCfg = Release|Any CPU
		{D21695BD-3388-4570-953B-C8AC7D31A0D1}.Release|Any CPU.Build.0 = Release|Any CPU
		{59DA92AB-B810-4885-BC31-7FFA931E203C}.Debug|Any CPU.ActiveCfg = Debug|Any CPU
		{59DA92AB-B810-4885-BC31-7FFA931E203C}.Debug|Any CPU.Build.0 = Debug|Any CPU
		{59DA92AB-B810-4885-BC31-7FFA931E203C}.Release|Any CPU.ActiveCfg = Release|Any CPU
		{59DA92AB-B810-4885-BC31-7FFA931E203C}.Release|Any CPU.Build.0 = Release|Any CPU
	EndGlobalSection
	GlobalSection(SolutionProperties) = preSolution
		HideSolutionNode = FALSE
	EndGlobalSection
	GlobalSection(ExtensibilityGlobals) = postSolution
		SolutionGuid = {0B4ACED8-B7D7-4560-A63A-DA04250E225B}
	EndGlobalSection
EndGlobal
